# @generated - this file is auto-generated by `mise lock` https://mise.en.dev/dev-tools/mise-lock.html

[conda-packages.macos-arm64."libcxx-22.1.8-h55c6f16_0"]
url = "https://conda.anaconda.org/conda-forge/osx-arm64/libcxx-22.1.8-h55c6f16_0.conda"
checksum = "sha256:a2e7abab5add9750fab064c024394de48e49f97631c605ad5db5c8ac3fc769ef"

[conda-packages.macos-arm64."lua-5.5.0-hb33a6db_0"]
url = "https://conda.anaconda.org/conda-forge/osx-arm64/lua-5.5.0-hb33a6db_0.conda"
checksum = "sha256:6051ebc92855d99cc35346acb59e2ffe4fbef1bdee29944d6dccb9cbd3cc84d2"

[conda-packages.macos-arm64."ncurses-6.6-h1d4f5a5_0"]
url = "https://conda.anaconda.org/conda-forge/osx-arm64/ncurses-6.6-h1d4f5a5_0.conda"
checksum = "sha256:4ea6c620b87bd1d42bb2ccc2c87cd2483fa2d7f9e905b14c223f11ff3f4c455d"

[conda-packages.macos-arm64."pcre-8.45-hbdafb3b_0"]
url = "https://conda.anaconda.org/conda-forge/osx-arm64/pcre-8.45-hbdafb3b_0.tar.bz2"
checksum = "sha256:f2e0c4ae3306f94851eea2318c6d26d24f8e191e329ddd256a612cd1184c5737"

[conda-packages.macos-arm64."readline-8.3-h46df422_0"]
url = "https://conda.anaconda.org/conda-forge/osx-arm64/readline-8.3-h46df422_0.conda"
checksum = "sha256:a77010528efb4b548ac2a4484eaf7e1c3907f2aec86123ed9c5212ae44502477"

[conda-packages.macos-arm64."unzip-6.0-h6caf38d_4"]
url = "https://conda.anaconda.org/conda-forge/osx-arm64/unzip-6.0-h6caf38d_4.conda"
checksum = "sha256:47cdb8893a679d2122e8eec28a4cf26010bdb177e694d1ab1fcd66b9ea0c3de6"

[[tools."aqua:Automattic/harper/harper-ls"]]
version = "2.5.0"
backend = "aqua:Automattic/harper/harper-ls"

[tools."aqua:Automattic/harper/harper-ls"."platforms.macos-arm64"]
checksum = "sha256:14835b81698f5f5ce26d4661a663d74968fb0abffb70e0ffa64c022ef95ec846"
url = "https://github.com/Automattic/harper/releases/download/v2.5.0/harper-ls-aarch64-apple-darwin.tar.gz"

[[tools."aqua:BurntSushi/ripgrep"]]
version = "15.1.0"
backend = "aqua:BurntSushi/ripgrep"

[tools."aqua:BurntSushi/ripgrep"."platforms.macos-arm64"]
checksum = "sha256:378e973289176ca0c6054054ee7f631a065874a352bf43f0fa60ef079b6ba715"
url = "https://github.com/BurntSushi/ripgrep/releases/download/15.1.0/ripgrep-15.1.0-aarch64-apple-darwin.tar.gz"

[[tools."aqua:JohnnyMorganz/StyLua"]]
version = "2.5.2"
backend = "aqua:JohnnyMorganz/StyLua"

[tools."aqua:JohnnyMorganz/StyLua"."platforms.macos-arm64"]
checksum = "sha256:92ff0889e16324801bc072692974bb67f8161e62010fc90f96c62a17f81f32c7"
url = "https://github.com/JohnnyMorganz/StyLua/releases/download/v2.5.2/stylua-macos-aarch64.zip"

[[tools."aqua:Kitware/CMake"]]
version = "4.3.3"
backend = "aqua:Kitware/CMake"

[tools."aqua:Kitware/CMake"."platforms.macos-arm64"]
checksum = "sha256:5221a13450c7a0219a2a0d1b6c9085eb06489721fafd8488ccebc1584175d2fb"
url = "https://github.com/Kitware/CMake/releases/download/v4.3.3/cmake-4.3.3-macos-universal.tar.gz"

[[tools."aqua:LuaLS/lua-language-server"]]
version = "3.18.2"
backend = "aqua:LuaLS/lua-language-server"

[tools."aqua:LuaLS/lua-language-server"."platforms.macos-arm64"]
checksum = "sha256:cec99d70b1f612acec4a10a79a03664e3aa0c229d4d8a586cb3f928ec37d509e"
url = "https://github.com/LuaLS/lua-language-server/releases/download/3.18.2/lua-language-server-3.18.2-darwin-arm64.tar.gz"

[[tools."aqua:ajeetdsouza/zoxide"]]
version = "0.9.9"
backend = "aqua:ajeetdsouza/zoxide"

[tools."aqua:ajeetdsouza/zoxide"."platforms.macos-arm64"]
checksum = "sha256:57e733d0436309dae2ed97e46bba43937209395298e1d88812d4e893900cb40a"
url = "https://github.com/ajeetdsouza/zoxide/releases/download/v0.9.9/zoxide-0.9.9-aarch64-apple-darwin.tar.gz"

[[tools."aqua:artempyanykh/marksman"]]
version = "2026-02-08"
backend = "aqua:artempyanykh/marksman"

[tools."aqua:artempyanykh/marksman"."platforms.macos-arm64"]
checksum = "sha256:6a801c17b5ac0dba69787c5282b3b3bd416e66c96253fae098d311c6bbd1833b"
url = "https://github.com/artempyanykh/marksman/releases/download/2026-02-08/marksman-macos"

[[tools."aqua:charmbracelet/glow"]]
version = "2.1.2"
backend = "aqua:charmbracelet/glow"

[tools."aqua:charmbracelet/glow"."platforms.macos-arm64"]
checksum = "sha256:6f7abfb47de69fbf7b0e67d2fa019cc554916e8b6694f9877212be89fc7ebb8c"
url = "https://github.com/charmbracelet/glow/releases/download/v2.1.2/glow_2.1.2_Darwin_arm64.tar.gz"

[[tools."aqua:cli/cli"]]
version = "2.95.0"
backend = "aqua:cli/cli"

[tools."aqua:cli/cli"."platforms.macos-arm64"]
checksum = "sha256:3677f9c27965825f9c7d50395473c134edaea4b484373ef6b25de653570a0489"
url = "https://github.com/cli/cli/releases/download/v2.95.0/gh_2.95.0_macOS_arm64.zip"
provenance = "github-attestations"

[[tools."aqua:dandavison/delta"]]
version = "0.19.2"
backend = "aqua:dandavison/delta"

[tools."aqua:dandavison/delta"."platforms.macos-arm64"]
checksum = "sha256:9be36612a5a13e9e386dc498fb8e50dc87c72ee42b63db0ea05b32f99a72a69a"
url = "https://github.com/dandavison/delta/releases/download/0.19.2/delta-0.19.2-aarch64-apple-darwin.tar.gz"

[[tools."aqua:dolthub/dolt"]]
version = "2.1.8"
backend = "aqua:dolthub/dolt"

[tools."aqua:dolthub/dolt"."platforms.macos-arm64"]
checksum = "sha256:adf571e0420b3671f3b3b5f88c70c3b57267dbe07cbafcfa0618d1ff0ff66a46"
url = "https://github.com/dolthub/dolt/releases/download/v2.1.8/dolt-darwin-arm64.tar.gz"

[[tools."aqua:hadolint/hadolint"]]
version = "2.14.0"
backend = "aqua:hadolint/hadolint"

[tools."aqua:hadolint/hadolint"."platforms.macos-arm64"]
checksum = "sha256:3625e2e9f43dcfe7bd38738a5f5520ed50ce39ed28485266e6803dd7bc197b10"
url = "https://github.com/hadolint/hadolint/releases/download/v2.14.0/hadolint-macos-arm64"

[[tools."aqua:ip7z/7zip"]]
version = "26.01"
backend = "aqua:ip7z/7zip"

[tools."aqua:ip7z/7zip"."platforms.macos-arm64"]
checksum = "sha256:0b6b930dbf82742e3f1014c35072a6b8b3aab183fece348e7f723675f1c5bea2"
url = "https://github.com/ip7z/7zip/releases/download/26.01/7z2601-mac.tar.xz"

[[tools."aqua:jgm/pandoc"]]
version = "3.10"
backend = "aqua:jgm/pandoc"

[tools."aqua:jgm/pandoc"."platforms.macos-arm64"]
checksum = "sha256:d9cad01d96ae774a0dc8c8c45bb1ad3e4c5ff2cc2e24f45958f5f9b7974aee34"
url = "https://github.com/jgm/pandoc/releases/download/3.10/pandoc-3.10-arm64-macOS.zip"

[[tools."aqua:jj-vcs/jj"]]
version = "0.42.0"
backend = "aqua:jj-vcs/jj"

[tools."aqua:jj-vcs/jj"."platforms.macos-arm64"]
checksum = "sha256:98764966f22b599dc0b19bb9bd00d21df86156aeca5827f8274900356768db08"
url = "https://github.com/jj-vcs/jj/releases/download/v0.42.0/jj-v0.42.0-aarch64-apple-darwin.tar.gz"

[[tools."aqua:jqlang/jq"]]
version = "1.8.2"
backend = "aqua:jqlang/jq"

[tools."aqua:jqlang/jq"."platforms.macos-arm64"]
checksum = "sha256:2d75340ba57a4b4b4c8708a21c2dc8e958a48aaa8bba13b27f77f6e4c0eca07e"
url = "https://github.com/jqlang/jq/releases/download/jq-1.8.2/jq-macos-arm64"
provenance = "github-attestations"

[[tools."aqua:junegunn/fzf"]]
version = "0.73.1"
backend = "aqua:junegunn/fzf"

[tools."aqua:junegunn/fzf"."platforms.macos-arm64"]
checksum = "sha256:d27fd68c04fb9b42f7c73a3f7d38069a74d308e40174f64a072c747213e97286"
url = "https://github.com/junegunn/fzf/releases/download/v0.73.1/fzf-0.73.1-darwin_arm64.tar.gz"

[[tools."aqua:koalaman/shellcheck"]]
version = "0.11.0"
backend = "aqua:koalaman/shellcheck"

[tools."aqua:koalaman/shellcheck"."platforms.macos-arm64"]
checksum = "sha256:56affdd8de5527894dca6dc3d7e0a99a873b0f004d7aabc30ae407d3f48b0a79"
url = "https://github.com/koalaman/shellcheck/releases/download/v0.11.0/shellcheck-v0.11.0.darwin.aarch64.tar.xz"

[[tools."aqua:mas-cli/mas"]]
version = "7.0.0"
backend = "aqua:mas-cli/mas"

[tools."aqua:mas-cli/mas"."platforms.macos-arm64"]
checksum = "sha256:bc218a854c85d9e1c95496a96b26287bb66056b95688b90f91d04fa62ed21b75"
url = "https://github.com/mas-cli/mas/releases/download/v7.0.0/mas-7.0.0-arm64.pkg"

[[tools."aqua:mikefarah/yq"]]
version = "4.53.3"
backend = "aqua:mikefarah/yq"

[tools."aqua:mikefarah/yq"."platforms.macos-arm64"]
checksum = "sha256:877de31753a4dd2401aa048937aa9a7fc4d5f6ce858cf31508c5802954297213"
url = "https://github.com/mikefarah/yq/releases/download/v4.53.3/yq_darwin_arm64"

[[tools."aqua:pypa/pipx"]]
version = "1.14.1"
backend = "aqua:pypa/pipx"

[tools."aqua:pypa/pipx"."platforms.macos-arm64"]
checksum = "sha256:4ca0f4ea421bac9cf47f0479d37c373048257eb00ab95551c8b9aa4a837c467d"
url = "https://github.com/pypa/pipx/releases/download/1.14.1/pipx.pyz"

[[tools."aqua:sharkdp/bat"]]
version = "0.26.1"
backend = "aqua:sharkdp/bat"

[tools."aqua:sharkdp/bat"."platforms.macos-arm64"]
checksum = "sha256:e30beff26779c9bf60bb541e1d79046250cb74378f2757f8eb250afddb19e114"
url = "https://github.com/sharkdp/bat/releases/download/v0.26.1/bat-v0.26.1-aarch64-apple-darwin.tar.gz"

[[tools."aqua:superfly/flyctl"]]
version = "0.4.59"
backend = "aqua:superfly/flyctl"

[tools."aqua:superfly/flyctl"."platforms.macos-arm64"]
checksum = "sha256:42226f7feab2f268896a9407540e2ea8bb22425be9fb20a4a2cae0b7d4ba82eb"
url = "https://github.com/superfly/flyctl/releases/download/v0.4.59/flyctl_0.4.59_macOS_arm64.tar.gz"

[[tools."aqua:tree-sitter/tree-sitter"]]
version = "0.26.9"
backend = "aqua:tree-sitter/tree-sitter"

[tools."aqua:tree-sitter/tree-sitter"."platforms.macos-arm64"]
checksum = "sha256:e46725b2417c085b0761948abc0cc240bff6a3ab5d2128e3ad0de467ded3388d"
url = "https://github.com/tree-sitter/tree-sitter/releases/download/v0.26.9/tree-sitter-macos-arm64.gz"
provenance = "github-attestations"

[[tools."aqua:watchexec/watchexec"]]
version = "2.5.1"
backend = "aqua:watchexec/watchexec"

[tools."aqua:watchexec/watchexec"."platforms.macos-arm64"]
checksum = "sha256:c5e405dd1109940b2510398d2182990c1be59063b94e11d7ace9c7b435cb1df1"
url = "https://github.com/watchexec/watchexec/releases/download/v2.5.1/watchexec-2.5.1-aarch64-apple-darwin.tar.xz"

[[tools.bun]]
version = "1.3.14"
backend = "core:bun"

[tools.bun."platforms.macos-arm64"]
checksum = "sha256:d8b96221828ad6f97ac7ac0ab7e95872341af763001e8803e8267652c2652620"
url = "https://github.com/oven-sh/bun/releases/download/bun-v1.3.14/bun-darwin-aarch64.zip"

[[tools."conda:luarocks"]]
version = "3.13.0"
backend = "conda:luarocks"

[tools."conda:luarocks".options]
channel = "conda-forge"

[tools."conda:luarocks"."platforms.macos-arm64"]
checksum = "sha256:509f87d56ec755e65f280b2b9d56b8f509193df3b6f18ff3041a47301066936a"
url = "https://conda.anaconda.org/conda-forge/osx-arm64/luarocks-3.13.0-lua55h05696c2_100.conda"
conda_deps = [
    "lua-5.5.0-hb33a6db_0",
    "readline-8.3-h46df422_0",
    "unzip-6.0-h6caf38d_4",
    "ncurses-6.6-h1d4f5a5_0",
]

[[tools."conda:pkgconf"]]
version = "2.9.95"
backend = "conda:pkgconf"

[tools."conda:pkgconf".options]
channel = "conda-forge"

[tools."conda:pkgconf"."platforms.macos-arm64"]
checksum = "sha256:97781f2c2d8d11f1af1f9ca3a41f0ba84f6da355e70e227f2662915adec3aff3"
url = "https://conda.anaconda.org/conda-forge/osx-arm64/pkgconf-2.9.95-h1a92334_0.conda"
conda_deps = []

[[tools."conda:tig"]]
version = "2.6.1"
backend = "conda:tig"

[tools."conda:tig".options]
channel = "conda-forge"

[tools."conda:tig"."platforms.macos-arm64"]
checksum = "sha256:dca8c0a53443a51c7c902e7fc04dd2492e37b8c3341b4fb504f7a3827715b33a"
url = "https://conda.anaconda.org/conda-forge/osx-arm64/tig-2.6.1-hce80881_0.conda"
conda_deps = [
    "pcre-8.45-hbdafb3b_0",
    "ncurses-6.6-h1d4f5a5_0",
    "libcxx-22.1.8-h55c6f16_0",
]

[[tools.elixir]]
version = "1.20.1-otp-29"
backend = "core:elixir"

[tools.elixir."platforms.macos-arm64"]
checksum = "sha256:6f8aa7149d1ff24d048c5bcfc8c4e37e463faef7e8ae8f5ea105c95f7d4f3c9a"
url = "https://builds.hex.pm/builds/elixir/v1.20.1-otp-29.zip"

[[tools.erlang]]
version = "29.0.2"
backend = "core:erlang"

[tools.erlang.options]
precompiled = "if_available"

[tools.erlang."platforms.macos-arm64"]
checksum = "sha256:ec6e09dee496adf646b0a22eef26b769e7f8032c83dd10292c58d50fb38e2210"
url = "https://github.com/erlef/otp_builds/releases/download/OTP-29.0.2/otp-aarch64-apple-darwin.tar.gz"
url_api = "https://api.github.com/repos/erlef/otp_builds/releases/assets/443541329"

[[tools."gem:create-ruby-app"]]
version = "1.4.0"
backend = "gem:create-ruby-app"

[[tools."gem:nvim-control"]]
version = "1.0.0"
backend = "gem:nvim-control"

[[tools."github:WhatsApp/erlang-language-platform"]]
version = "2026-06-10"
backend = "github:WhatsApp/erlang-language-platform"

[tools."github:WhatsApp/erlang-language-platform"."platforms.macos-arm64"]
checksum = "sha256:ed9e8b7ae0e6eab54eec5f759570cde2f32efd060487d946ac449d7e8eec347f"
url = "https://github.com/WhatsApp/erlang-language-platform/releases/download/2026-06-10/elp-macos-aarch64-apple-darwin-otp-28.tar.gz"
url_api = "https://api.github.com/repos/WhatsApp/erlang-language-platform/releases/assets/444562651"

[[tools."github:atanunq/viu"]]
version = "1.6.1"
backend = "github:atanunq/viu"

[tools."github:atanunq/viu"."platforms.macos-arm64"]
checksum = "sha256:029cddac9553304c1d8bdb82915b3b4af5e35561ca62d141bb2af8db1e52b55d"
url = "https://github.com/atanunq/viu/releases/download/v1.6.1/viu-aarch64-apple-darwin"
url_api = "https://api.github.com/repos/atanunq/viu/releases/assets/328854938"

[[tools."github:containers/podman"]]
version = "5.8.3"
backend = "github:containers/podman"

[tools."github:containers/podman"."platforms.macos-arm64"]
checksum = "sha256:82560eee2abbba2e443241b1372ecbb6464a81d38463ba59f927024026cd819c"
url = "https://github.com/podman-container-tools/podman/releases/download/v5.8.3/podman-remote-release-darwin_arm64.zip"
url_api = "https://api.github.com/repos/podman-container-tools/podman/releases/assets/445914034"

[[tools."github:elixir-lsp/elixir-ls"]]
version = "0.31.1"
backend = "github:elixir-lsp/elixir-ls"

[tools."github:elixir-lsp/elixir-ls"."platforms.macos-arm64"]
checksum = "sha256:bac08322ea3698157eb2373bb5b65e38c15df9dd41e1c06f142f874367fa472f"
url = "https://github.com/elixir-lsp/elixir-ls/releases/download/v0.31.1/elixir-ls-v0.31.1.zip"
url_api = "https://api.github.com/repos/elixir-lsp/elixir-ls/releases/assets/444092062"

[[tools."github:mattn/efm-langserver"]]
version = "0.0.56"
backend = "github:mattn/efm-langserver"

[tools."github:mattn/efm-langserver"."platforms.macos-arm64"]
checksum = "sha256:b9c8ef5f1b857f807237770e1476f85d0e6b0ccfcfda7b07970ad03b8243f473"
url = "https://github.com/mattn/efm-langserver/releases/download/v0.0.56/efm-langserver_v0.0.56_darwin_arm64.zip"
url_api = "https://api.github.com/repos/mattn/efm-langserver/releases/assets/369211822"

[[tools."github:mvdan/sh"]]
version = "3.13.1"
backend = "github:mvdan/sh"

[tools."github:mvdan/sh"."platforms.macos-arm64"]
checksum = "sha256:9680526be4a66ea1ffe988ed08af58e1400fe1e4f4aef5bd88b20bb9b3da33f8"
url = "https://github.com/mvdan/sh/releases/download/v3.13.1/shfmt_v3.13.1_darwin_arm64"
url_api = "https://api.github.com/repos/mvdan/sh/releases/assets/390322881"

[[tools."github:peteretelej/tree"]]
version = "1.3.0"
backend = "github:peteretelej/tree"

[tools."github:peteretelej/tree"."platforms.macos-arm64"]
checksum = "sha256:dd11cd1bf0fe6ae06e4a624a3b4084c0fe503ae473c9fb3ab1ac53ed4e25a5c3"
url = "https://github.com/peteretelej/tree/releases/download/v1.3.0/tree-v1.3.0-macOS-arm64.tar.gz"
url_api = "https://api.github.com/repos/peteretelej/tree/releases/assets/336272391"

[[tools."github:sst/opencode"]]
version = "1.17.9"
backend = "github:sst/opencode"

[tools."github:sst/opencode".options]
no_app = "true"

[tools."github:sst/opencode"."platforms.macos-arm64"]
checksum = "sha256:913d813a88ca4f6209b9c48e548bd376eef4d1e74c2bb113aa91aa96c784d332"
url = "https://github.com/anomalyco/opencode/releases/download/v1.17.9/opencode-darwin-arm64.zip"
url_api = "https://api.github.com/repos/anomalyco/opencode/releases/assets/453298538"
provenance = "github-attestations"

[[tools."github:tekumara/typos-lsp"]]
version = "0.1.52"
backend = "github:tekumara/typos-lsp"

[tools."github:tekumara/typos-lsp"."platforms.macos-arm64"]
checksum = "sha256:66cdfeb3b000960d98e3134878b5045a3ee32c6839d0b8c9bd5815d67885ed7e"
url = "https://github.com/tekumara/typos-lsp/releases/download/v0.1.52/typos-lsp-v0.1.52-aarch64-apple-darwin.tar.gz"
url_api = "https://api.github.com/repos/tekumara/typos-lsp/releases/assets/399337203"

[[tools."github:tmux/tmux-builds"]]
version = "3.6b"
backend = "github:tmux/tmux-builds"

[tools."github:tmux/tmux-builds"."platforms.macos-arm64"]
checksum = "sha256:88323402bd28d21103239caf009b130086ebf334807de485d4a1e1c7188ee810"
url = "https://github.com/tmux/tmux-builds/releases/download/v3.6b/tmux-3.6b-macos-arm64.tar.gz"
url_api = "https://api.github.com/repos/tmux/tmux-builds/releases/assets/425172971"

[[tools."github:wez/atomicparsley"]]
version = "20240608.083822.1ed9031"
backend = "github:wez/atomicparsley"

[tools."github:wez/atomicparsley".options]
asset_pattern = "AtomicParsleyMacOS.zip"

[tools."github:wez/atomicparsley"."platforms.macos-arm64"]
url = "https://github.com/wez/atomicparsley/releases/download/20240608.083822.1ed9031/AtomicParsleyMacOS.zip"
url_api = "https://api.github.com/repos/wez/atomicparsley/releases/assets/172661815"

[[tools."github:yt-dlp/yt-dlp"]]
version = "2026.06.09"
backend = "github:yt-dlp/yt-dlp"

[tools."github:yt-dlp/yt-dlp"."platforms.macos-arm64"]
checksum = "sha256:62a3108d7c37090107f0bb9a2369b953b35e43f4bc76ab0ea87e4ab593c23ec7"
url = "https://github.com/yt-dlp/yt-dlp/releases/download/2026.06.09/yt-dlp_macos.zip"
url_api = "https://api.github.com/repos/yt-dlp/yt-dlp/releases/assets/443156647"
provenance = "github-attestations"

[[tools.neovim]]
version = "0.12.3"
backend = "vfox:mise-plugins/vfox-neovim"

[tools.neovim."platforms.macos-arm64"]
url = "https://github.com/neovim/neovim/releases/download/v0.12.3/nvim-macos-arm64.tar.gz"

[[tools.node]]
version = "26.4.0"
backend = "core:node"

[tools.node."platforms.macos-arm64"]
checksum = "sha256:4f4fbcacf6b1ff1a95deedba7bd7b2d79efecaa53a8ecb0530546dc9063fefbc"
url = "https://nodejs.org/dist/v26.4.0/node-v26.4.0-darwin-arm64.tar.gz"

[[tools."npm:@ampcode/cli"]]
version = "0.0.1782727587-g7c8664"
backend = "npm:@ampcode/cli"

[[tools."npm:@anthropic-ai/claude-code"]]
version = "2.1.195"
backend = "npm:@anthropic-ai/claude-code"

[[tools."npm:@google/gemini-cli"]]
version = "0.47.0"
backend = "npm:@google/gemini-cli"

[[tools."npm:@openai/codex"]]
version = "0.142.4"
backend = "npm:@openai/codex"

[[tools."npm:@typescript/native-preview"]]
version = "7.0.0-dev.20260629.1"
backend = "npm:@typescript/native-preview"

[[tools."npm:alex"]]
version = "11.0.1"
backend = "npm:alex"

[[tools."npm:bash-language-server"]]
version = "5.6.0"
backend = "npm:bash-language-server"

[[tools."npm:diff-so-fancy"]]
version = "1.4.10"
backend = "npm:diff-so-fancy"

[[tools."npm:graphql-language-service-cli"]]
version = "3.5.0"
backend = "npm:graphql-language-service-cli"

[[tools."npm:trash-cli"]]
version = "7.2.0"
backend = "npm:trash-cli"

[[tools."npm:typescript"]]
version = "6.0.3"
backend = "npm:typescript"

[[tools."npm:vscode-langservers-extracted"]]
version = "4.10.0"
backend = "npm:vscode-langservers-extracted"

[[tools."pipx:yamllint"]]
version = "1.38.0"
backend = "pipx:yamllint"

[[tools.python]]
version = "3.14.6"
backend = "core:python"

[tools.python."platforms.macos-arm64"]
checksum = "sha256:35d774f61d63c1fd4f1bc9495a7ada92e500dc4382a0df8a9910eb87ea48e8cf"
url = "https://github.com/astral-sh/python-build-standalone/releases/download/20260623/cpython-3.14.6+20260623-aarch64-apple-darwin-install_only_stripped.tar.gz"
provenance = "github-attestations"

[[tools.ruby]]
version = "4.0.5"
backend = "core:ruby"

[tools.ruby.options]
compile = "false"
precompiled_url = "jdx/ruby"
ruby_build_repo = "https://github.com/rbenv/ruby-build.git"
ruby_install = "false"

[tools.ruby."platforms.macos-arm64"]
checksum = "sha256:2ceac7dbfb7ce73e7efbf0198fb859c23144169af9bd417b3996c6176e60ae80"
url = "https://github.com/jdx/ruby/releases/download/4.0.5-2/ruby-4.0.5.macos.tar.gz"
provenance = "github-attestations"

[[tools.rust]]
version = "1.96.0"
backend = "core:rust"

[[tools.zig]]
version = "0.16.0"
backend = "core:zig"

[tools.zig."platforms.macos-arm64"]
checksum = "sha256:b23d70deaa879b5c2d486ed3316f7eaa53e84acf6fc9cc747de152450d401489"
url = "https://ziglang.org/download/0.16.0/zig-aarch64-macos-0.16.0.tar.xz"
